
Microsoft Visual Studio Solution File, Format Version 12.00
# Visual Studio Version 17
VisualStudioVersion = 17.14.36804.6 d17.14
MinimumVisualStudioVersion = 10.0.40219.1
Project("{FAE04EC0-301F-11D3-BF4B-00C04F79EFBC}") = "03demo", "03demo.csproj", "{14C059FB-F63A-46BD-8BB5-B54F3C24BE2A}"
EndProject
Project("{FAE04EC0-301F-11D3-BF4B-00C04F79EFBC}") = "04_demo_oop", "..\04_demo_oop\04_demo_oop.csproj", "{9EC8B225-D5A4-4C29-84A1-4AE9FA80FB87}"
EndProject
Global
	GlobalSection(SolutionConfigurationPlatforms) = preSolution
		Debug|Any CPU = Debug|Any CPU
		Release|Any CPU = Release|Any CPU
	EndGlobalSection
	GlobalSection(ProjectConfigurationPlatforms) = postSolution
		{14C059FB-F63A-46BD-8BB5-B54F3C24BE2A}.Debug|Any CPU.ActiveCfg = Debug|Any CPU
		{14C059FB-F63A-46BD-8BB5-B54F3C24BE2A}.Debug|Any CPU.Build.0 = Debug|Any CPU
		{14C059FB-F63A-46BD-8BB5-B54F3C24BE2A}.Release|Any CPU.ActiveCfg = Release|Any CPU
		{14C059FB-F63A-46BD-8BB5-B54F3C24BE2A}.Release|Any CPU.Build.0 = Release|Any CPU
		{9EC8B225-D5A4-4C29-84A1-4AE9FA80FB87}.Debug|Any CPU.ActiveCfg = Debug|Any CPU
		{9EC8B225-D5A4-4C29-84A1-4AE9FA80FB87}.Debug|Any CPU.Build.0 = Debug|Any CPU
		{9EC8B225-D5A4-4C29-84A1-4AE9FA80FB87}.Release|Any CPU.ActiveCfg = Release|Any CPU
		{9EC8B225-D5A4-4C29-84A1-4AE9FA80FB87}.Release|Any CPU.Build.0 = Release|Any CPU
	EndGlobalSection
	GlobalSection(SolutionProperties) = preSolution
		HideSolutionNode = FALSE
	EndGlobalSection
	GlobalSection(ExtensibilityGlobals) = postSolution
		SolutionGuid = {01E5A614-2E03-49CF-93A1-4DDFDF28834E}
	EndGlobalSection
EndGlobal
